
Microsoft Visual Studio Solution File, Format Version 12.00
# Visual Studio Version 17
VisualStudioVersion = 17.9.34728.123
MinimumVisualStudioVersion = 10.0.40219.1
Project("{2150E333-8FDC-42A3-9474-1A3956D46DE8}") = "MicroServices", "MicroServices", "{F2182CE6-7CCE-4186-B60A-1AC27AF4B818}"
EndProject
Project("{9A19103F-16F7-4668-BE54-9A1E7A4F7556}") = "EURO2024Stat.Domain", "EURO2024Stat.Domain\EURO2024Stat.Domain.csproj", "{35C7AC19-3701-427D-977A-C8B4085077F5}"
EndProject
Project("{2150E333-8FDC-42A3-9474-1A3956D46DE8}") = "Domain", "Domain", "{2D210F06-E2DF-4202-9867-21F72D46FE90}"
EndProject
Project("{2150E333-8FDC-42A3-9474-1A3956D46DE8}") = "DATA", "DATA", "{A49B2B0B-8BAB-4369-B53E-7268BF9953F6}"
EndProject
Project("{9A19103F-16F7-4668-BE54-9A1E7A4F7556}") = "EURO2024Stat.DATA", "EURO2024Stat.DATA\EURO2024Stat.DATA.csproj", "{D333B958-A900-4144-B23A-73D38E75707D}"
EndProject
Project("{9A19103F-16F7-4668-BE54-9A1E7A4F7556}") = "Euro2024Stat.PlayerAPI", "Euro2024Stat.PlayerAPI\Euro2024Stat.PlayerAPI.csproj", "{583734E2-91C8-4D85-9876-12666305370D}"
EndProject
Project("{9A19103F-16F7-4668-BE54-9A1E7A4F7556}") = "Euro2024Stat.CountryAPI", "Euro2024Stat.CountryAPI\Euro2024Stat.CountryAPI.csproj", "{C8D11EF9-D0F1-4A20-B9AE-09A803DBD640}"
EndProject
Project("{2150E333-8FDC-42A3-9474-1A3956D46DE8}") = "Front", "Front", "{515F6075-F810-4882-B99F-F9DB7E0520DD}"
EndProject
Project("{9A19103F-16F7-4668-BE54-9A1E7A4F7556}") = "Euro2024Stat.Web", "Euro2024Stat.Web\Euro2024Stat.Web.csproj", "{EED502A5-842B-4AF1-88EF-3FD9C3D11A4E}"
EndProject
Project("{9A19103F-16F7-4668-BE54-9A1E7A4F7556}") = "Euro2024Stat.MatchAPI", "Euro2024Stat.MatchAPI\Euro2024Stat.MatchAPI.csproj", "{5992DE48-C4BC-4F7D-9218-B1F564AC6CFB}"
EndProject
Project("{9A19103F-16F7-4668-BE54-9A1E7A4F7556}") = "Euro2024Stat.AuthAPI", "Euro2024Stat.AuthAPI\Euro2024Stat.AuthAPI.csproj", "{B5C98A64-16BE-4B19-ABA8-B345E9CF9F49}"
EndProject
Project("{9A19103F-16F7-4668-BE54-9A1E7A4F7556}") = "Euro2024Stat.WalletAPI", "Euro2024Stat.WalletAPI\Euro2024Stat.WalletAPI.csproj", "{755150C6-64FC-409F-92D0-B95C2EE06880}"
EndProject
Project("{9A19103F-16F7-4668-BE54-9A1E7A4F7556}") = "Euro2024Stat.FantasyAPI", "Euro2024Stat.FantasyAPI\Euro2024Stat.FantasyAPI.csproj", "{E4094C3C-78CF-4524-A9E2-17A68BC5A753}"
EndProject
Project("{9A19103F-16F7-4668-BE54-9A1E7A4F7556}") = "Euro2024Stat.TransactionAPI", "Euro2024Stat.TransactionAPI\Euro2024Stat.TransactionAPI.csproj", "{6913B7C0-7685-499B-A157-F1040778EEDF}"
EndProject
Project("{FAE04EC0-301F-11D3-BF4B-00C04F79EFBC}") = "Euro2024Stat.BetAPI", "Euro2024Stat.BetAPI\Euro2024Stat.BetAPI.csproj", "{1B14FAE5-76BB-4199-A9CA-7C79F132B346}"
EndProject
Global
	GlobalSection(SolutionConfigurationPlatforms) = preSolution
		Debug|Any CPU = Debug|Any CPU
		Release|Any CPU = Release|Any CPU
	EndGlobalSection
	GlobalSection(ProjectConfigurationPlatforms) = postSolution
		{35C7AC19-3701-427D-977A-C8B4085077F5}.Debug|Any CPU.ActiveCfg = Debug|Any CPU
		{35C7AC19-3701-427D-977A-C8B4085077F5}.Debug|Any CPU.Build.0 = Debug|Any CPU
		{35C7AC19-3701-427D-977A-C8B4085077F5}.Release|Any CPU.ActiveCfg = Release|Any CPU
		{35C7AC19-3701-427D-977A-C8B4085077F5}.Release|Any CPU.Build.0 = Release|Any CPU
		{D333B958-A900-4144-B23A-73D38E75707D}.Debug|Any CPU.ActiveCfg = Debug|Any CPU
		{D333B958-A900-4144-B23A-73D38E75707D}.Debug|Any CPU.Build.0 = Debug|Any CPU
		{D333B958-A900-4144-B23A-73D38E75707D}.Release|Any CPU.ActiveCfg = Release|Any CPU
		{D333B958-A900-4144-B23A-73D38E75707D}.Release|Any CPU.Build.0 = Release|Any CPU
		{583734E2-91C8-4D85-9876-12666305370D}.Debug|Any CPU.ActiveCfg = Debug|Any CPU
		{583734E2-91C8-4D85-9876-12666305370D}.Debug|Any CPU.Build.0 = Debug|Any CPU
		{583734E2-91C8-4D85-9876-12666305370D}.Release|Any CPU.ActiveCfg = Release|Any CPU
		{583734E2-91C8-4D85-9876-12666305370D}.Release|Any CPU.Build.0 = Release|Any CPU
		{C8D11EF9-D0F1-4A20-B9AE-09A803DBD640}.Debug|Any CPU.ActiveCfg = Debug|Any CPU
		{C8D11EF9-D0F1-4A20-B9AE-09A803DBD640}.Debug|Any CPU.Build.0 = Debug|Any CPU
		{C8D11EF9-D0F1-4A20-B9AE-09A803DBD640}.Release|Any CPU.ActiveCfg = Release|Any CPU
		{C8D11EF9-D0F1-4A20-B9AE-09A803DBD640}.Release|Any CPU.Build.0 = Release|Any CPU
		{EED502A5-842B-4AF1-88EF-3FD9C3D11A4E}.Debug|Any CPU.ActiveCfg = Debug|Any CPU
		{EED502A5-842B-4AF1-88EF-3FD9C3D11A4E}.Debug|Any CPU.Build.0 = Debug|Any CPU
		{EED502A5-842B-4AF1-88EF-3FD9C3D11A4E}.Release|Any CPU.ActiveCfg = Release|Any CPU
		{EED502A5-842B-4AF1-88EF-3FD9C3D11A4E}.Release|Any CPU.Build.0 = Release|Any CPU
		{5992DE48-C4BC-4F7D-9218-B1F564AC6CFB}.Debug|Any CPU.ActiveCfg = Debug|Any CPU
		{5992DE48-C4BC-4F7D-9218-B1F564AC6CFB}.Debug|Any CPU.Build.0 = Debug|Any CPU
		{5992DE48-C4BC-4F7D-9218-B1F564AC6CFB}.Release|Any CPU.ActiveCfg = Release|Any CPU
		{5992DE48-C4BC-4F7D-9218-B1F564AC6CFB}.Release|Any CPU.Build.0 = Release|Any CPU
		{B5C98A64-16BE-4B19-ABA8-B345E9CF9F49}.Debug|Any CPU.ActiveCfg = Debug|Any CPU
		{B5C98A64-16BE-4B19-ABA8-B345E9CF9F49}.Debug|Any CPU.Build.0 = Debug|Any CPU
		{B5C98A64-16BE-4B19-ABA8-B345E9CF9F49}.Release|Any CPU.ActiveCfg = Release|Any CPU
		{B5C98A64-16BE-4B19-ABA8-B345E9CF9F49}.Release|Any CPU.Build.0 = Release|Any CPU
		{755150C6-64FC-409F-92D0-B95C2EE06880}.Debug|Any CPU.ActiveCfg = Debug|Any CPU
		{755150C6-64FC-409F-92D0-B95C2EE06880}.Debug|Any CPU.Build.0 = Debug|Any CPU
		{755150C6-64FC-409F-92D0-B95C2EE06880}.Release|Any CPU.ActiveCfg = Release|Any CPU
		{755150C6-64FC-409F-92D0-B95C2EE06880}.Release|Any CPU.Build.0 = Release|Any CPU
		{E4094C3C-78CF-4524-A9E2-17A68BC5A753}.Debug|Any CPU.ActiveCfg = Debug|Any CPU
		{E4094C3C-78CF-4524-A9E2-17A68BC5A753}.Debug|Any CPU.Build.0 = Debug|Any CPU
		{E4094C3C-78CF-4524-A9E2-17A68BC5A753}.Release|Any CPU.ActiveCfg = Release|Any CPU
		{E4094C3C-78CF-4524-A9E2-17A68BC5A753}.Release|Any CPU.Build.0 = Release|Any CPU
		{6913B7C0-7685-499B-A157-F1040778EEDF}.Debug|Any CPU.ActiveCfg = Debug|Any CPU
		{6913B7C0-7685-499B-A157-F1040778EEDF}.Debug|Any CPU.Build.0 = Debug|Any CPU
		{6913B7C0-7685-499B-A157-F1040778EEDF}.Release|Any CPU.ActiveCfg = Release|Any CPU
		{6913B7C0-7685-499B-A157-F1040778EEDF}.Release|Any CPU.Build.0 = Release|Any CPU
		{1B14FAE5-76BB-4199-A9CA-7C79F132B346}.Debug|Any CPU.ActiveCfg = Debug|Any CPU
		{1B14FAE5-76BB-4199-A9CA-7C79F132B346}.Debug|Any CPU.Build.0 = Debug|Any CPU
		{1B14FAE5-76BB-4199-A9CA-7C79F132B346}.Release|Any CPU.ActiveCfg = Release|Any CPU
		{1B14FAE5-76BB-4199-A9CA-7C79F132B346}.Release|Any CPU.Build.0 = Release|Any CPU
	EndGlobalSection
	GlobalSection(SolutionProperties) = preSolution
		HideSolutionNode = FALSE
	EndGlobalSection
	GlobalSection(NestedProjects) = preSolution
		{35C7AC19-3701-427D-977A-C8B4085077F5} = {2D210F06-E2DF-4202-9867-21F72D46FE90}
		{2D210F06-E2DF-4202-9867-21F72D46FE90} = {F2182CE6-7CCE-4186-B60A-1AC27AF4B818}
		{A49B2B0B-8BAB-4369-B53E-7268BF9953F6} = {F2182CE6-7CCE-4186-B60A-1AC27AF4B818}
		{D333B958-A900-4144-B23A-73D38E75707D} = {A49B2B0B-8BAB-4369-B53E-7268BF9953F6}
		{583734E2-91C8-4D85-9876-12666305370D} = {F2182CE6-7CCE-4186-B60A-1AC27AF4B818}
		{C8D11EF9-D0F1-4A20-B9AE-09A803DBD640} = {F2182CE6-7CCE-4186-B60A-1AC27AF4B818}
		{EED502A5-842B-4AF1-88EF-3FD9C3D11A4E} = {515F6075-F810-4882-B99F-F9DB7E0520DD}
		{5992DE48-C4BC-4F7D-9218-B1F564AC6CFB} = {F2182CE6-7CCE-4186-B60A-1AC27AF4B818}
		{B5C98A64-16BE-4B19-ABA8-B345E9CF9F49} = {F2182CE6-7CCE-4186-B60A-1AC27AF4B818}
		{755150C6-64FC-409F-92D0-B95C2EE06880} = {F2182CE6-7CCE-4186-B60A-1AC27AF4B818}
		{E4094C3C-78CF-4524-A9E2-17A68BC5A753} = {F2182CE6-7CCE-4186-B60A-1AC27AF4B818}
		{6913B7C0-7685-499B-A157-F1040778EEDF} = {F2182CE6-7CCE-4186-B60A-1AC27AF4B818}
		{1B14FAE5-76BB-4199-A9CA-7C79F132B346} = {F2182CE6-7CCE-4186-B60A-1AC27AF4B818}
	EndGlobalSection
	GlobalSection(ExtensibilityGlobals) = postSolution
		SolutionGuid = {9F6D89C7-66A2-408C-98AB-7C9A983F503E}
	EndGlobalSection
EndGlobal
